
Microsoft Visual Studio Solution File, Format Version 12.00
# Visual Studio Version 17
VisualStudioVersion = 17.8.34330.188
MinimumVisualStudioVersion = 10.0.40219.1
Project("{FAE04EC0-301F-11D3-BF4B-00C04F79EFBC}") = "AppCrud", "AppCrud\AppCrud.csproj", "{3E5A0A72-D919-47CD-B63E-FB9D91633D05}"
EndProject
Global
	GlobalSection(SolutionConfigurationPlatforms) = preSolution
		Debug|Any CPU = Debug|Any CPU
		Release|Any CPU = Release|Any CPU
	EndGlobalSection
	GlobalSection(ProjectConfigurationPlatforms) = postSolution
		{3E5A0A72-D919-47CD-B63E-FB9D91633D05}.Debug|Any CPU.ActiveCfg = Debug|Any CPU
		{3E5A0A72-D919-47CD-B63E-FB9D91633D05}.Debug|Any CPU.Build.0 = Debug|Any CPU
		{3E5A0A72-D919-47CD-B63E-FB9D91633D05}.Release|Any CPU.ActiveCfg = Release|Any CPU
		{3E5A0A72-D919-47CD-B63E-FB9D91633D05}.Release|Any CPU.Build.0 = Release|Any CPU
	EndGlobalSection
	GlobalSection(SolutionProperties) = preSolution
		HideSolutionNode = FALSE
	EndGlobalSection
	GlobalSection(ExtensibilityGlobals) = postSolution
		SolutionGuid = {5E368A84-A62D-4B9E-8274-711F476B60E4}
	EndGlobalSection
EndGlobal
